
Microsoft Visual Studio Solution File, Format Version 12.00
# Visual Studio Version 17
VisualStudioVersion = 17.1.32210.238
MinimumVisualStudioVersion = 10.0.40219.1
Project("{9A19103F-16F7-4668-BE54-9A1E7A4F7556}") = "BlazingSprites", "BlazingSprites\BlazingSprites.csproj", "{474BFE5C-3537-459A-8D65-08D4804768FF}"
EndProject
Project("{2150E333-8FDC-42A3-9474-1A3956D46DE8}") = "Solution Items", "Solution Items", "{2868F51F-C67D-4017-88EF-26A0CA39A424}"
	ProjectSection(SolutionItems) = preProject
		.github\workflows\dotnet.yml = .github\workflows\dotnet.yml
	EndProjectSection
EndProject
Global
	GlobalSection(SolutionConfigurationPlatforms) = preSolution
		Debug|Any CPU = Debug|Any CPU
		Release|Any CPU = Release|Any CPU
	EndGlobalSection
	GlobalSection(ProjectConfigurationPlatforms) = postSolution
		{474BFE5C-3537-459A-8D65-08D4804768FF}.Debug|Any CPU.ActiveCfg = Debug|Any CPU
		{474BFE5C-3537-459A-8D65-08D4804768FF}.Debug|Any CPU.Build.0 = Debug|Any CPU
		{474BFE5C-3537-459A-8D65-08D4804768FF}.Release|Any CPU.ActiveCfg = Release|Any CPU
		{474BFE5C-3537-459A-8D65-08D4804768FF}.Release|Any CPU.Build.0 = Release|Any CPU
	EndGlobalSection
	GlobalSection(SolutionProperties) = preSolution
		HideSolutionNode = FALSE
	EndGlobalSection
	GlobalSection(ExtensibilityGlobals) = postSolution
		SolutionGuid = {80DB910A-139F-4EFA-A470-C9CC8F6D52AC}
	EndGlobalSection
EndGlobal
